# This file is automatically @generated by Cargo.
# It is not intended for manual editing.
version = 4

[[package]]
name = "example"
version = "1.1.0"
source = "registry+https://github.com/rust-lang/crates.io-index"
checksum = "0b6a23e249717cd6d24a8f3fcd9639403948df1227fe303a106396597a68277e"

[[package]]
name = "splat-overload"
version = "0.0.0"
dependencies = [
 "example",
]
